
Microsoft Visual Studio Solution File, Format Version 12.00
# Visual Studio Version 17
VisualStudioVersion = 17.4.33205.214
MinimumVisualStudioVersion = 10.0.40219.1
Project("{FAE04EC0-301F-11D3-BF4B-00C04F79EFBC}") = "Calculator", "Test\Calculator.csproj", "{EC1DBF21-EC7E-4A9B-BCD9-C87162343F99}"
EndProject
Project("{FAE04EC0-301F-11D3-BF4B-00C04F79EFBC}") = "BClass", "BClass\BClass.csproj", "{2994F48C-66DD-4BA3-9308-8A7348BDC944}"
EndProject
Project("{FAE04EC0-301F-11D3-BF4B-00C04F79EFBC}") = "TestP", "TestP\TestP.csproj", "{CF93AA7D-ECFE-457B-A8D7-AF583563C3D8}"
EndProject
Global
	GlobalSection(SolutionConfigurationPlatforms) = preSolution
		Debug|Any CPU = Debug|Any CPU
		Release|Any CPU = Release|Any CPU
	EndGlobalSection
	GlobalSection(ProjectConfigurationPlatforms) = postSolution
		{EC1DBF21-EC7E-4A9B-BCD9-C87162343F99}.Debug|Any CPU.ActiveCfg = Debug|Any CPU
		{EC1DBF21-EC7E-4A9B-BCD9-C87162343F99}.Debug|Any CPU.Build.0 = Debug|Any CPU
		{EC1DBF21-EC7E-4A9B-BCD9-C87162343F99}.Release|Any CPU.ActiveCfg = Release|Any CPU
		{EC1DBF21-EC7E-4A9B-BCD9-C87162343F99}.Release|Any CPU.Build.0 = Release|Any CPU
		{2994F48C-66DD-4BA3-9308-8A7348BDC944}.Debug|Any CPU.ActiveCfg = Debug|Any CPU
		{2994F48C-66DD-4BA3-9308-8A7348BDC944}.Debug|Any CPU.Build.0 = Debug|Any CPU
		{2994F48C-66DD-4BA3-9308-8A7348BDC944}.Release|Any CPU.ActiveCfg = Release|Any CPU
		{2994F48C-66DD-4BA3-9308-8A7348BDC944}.Release|Any CPU.Build.0 = Release|Any CPU
		{CF93AA7D-ECFE-457B-A8D7-AF583563C3D8}.Debug|Any CPU.ActiveCfg = Debug|Any CPU
		{CF93AA7D-ECFE-457B-A8D7-AF583563C3D8}.Debug|Any CPU.Build.0 = Debug|Any CPU
		{CF93AA7D-ECFE-457B-A8D7-AF583563C3D8}.Release|Any CPU.ActiveCfg = Release|Any CPU
		{CF93AA7D-ECFE-457B-A8D7-AF583563C3D8}.Release|Any CPU.Build.0 = Release|Any CPU
	EndGlobalSection
	GlobalSection(SolutionProperties) = preSolution
		HideSolutionNode = FALSE
	EndGlobalSection
	GlobalSection(ExtensibilityGlobals) = postSolution
		SolutionGuid = {05DBFC12-658B-4079-823E-D46D9C940B00}
	EndGlobalSection
EndGlobal
